{
    "version": 3,
    "terraform_version": "0.11.11",
    "serial": 4,
    "lineage": "b3eff243-3b94-6d26-c50b-93e4e15b324a",
    "modules": [
        {
            "path": [
                "root"
            ],
            "outputs": {},
            "resources": {
                "aws_default_route_table.tf_private_rt": {
                    "type": "aws_default_route_table",
                    "depends_on": [
                        "aws_vpc.tf_vpc"
                    ],
                    "primary": {
                        "id": "rtb-0e6011578618142d1",
                        "attributes": {
                            "default_route_table_id": "rtb-0e6011578618142d1",
                            "id": "rtb-0e6011578618142d1",
                            "owner_id": "203215858160",
                            "propagating_vgws.#": "0",
                            "route.#": "0",
                            "tags.%": "1",
                            "tags.Name": "tf_private",
                            "vpc_id": "vpc-05f2c72e2b4f84670"
                        },
                        "meta": {},
                        "tainted": false
                    },
                    "deposed": [],
                    "provider": "provider.aws"
                },
                "aws_internet_gateway.tf_internet_gateway": {
                    "type": "aws_internet_gateway",
                    "depends_on": [
                        "aws_vpc.tf_vpc"
                    ],
                    "primary": {
                        "id": "igw-03a8bf70abcd9f2c3",
                        "attributes": {
                            "id": "igw-03a8bf70abcd9f2c3",
                            "owner_id": "203215858160",
                            "tags.%": "1",
                            "tags.Name": "tf_igw",
                            "vpc_id": "vpc-05f2c72e2b4f84670"
                        },
                        "meta": {},
                        "tainted": false
                    },
                    "deposed": [],
                    "provider": "provider.aws"
                },
                "aws_route_table.tf_public_rt": {
                    "type": "aws_route_table",
                    "depends_on": [
                        "aws_internet_gateway.tf_internet_gateway",
                        "aws_vpc.tf_vpc"
                    ],
                    "primary": {
                        "id": "rtb-0d55017dd4f871f94",
                        "attributes": {
                            "id": "rtb-0d55017dd4f871f94",
                            "owner_id": "203215858160",
                            "propagating_vgws.#": "0",
                            "route.#": "1",
                            "route.1007804626.cidr_block": "0.0.0.0/0",
                            "route.1007804626.egress_only_gateway_id": "",
                            "route.1007804626.gateway_id": "igw-03a8bf70abcd9f2c3",
                            "route.1007804626.instance_id": "",
                            "route.1007804626.ipv6_cidr_block": "",
                            "route.1007804626.nat_gateway_id": "",
                            "route.1007804626.network_interface_id": "",
                            "route.1007804626.transit_gateway_id": "",
                            "route.1007804626.vpc_peering_connection_id": "",
                            "tags.%": "1",
                            "tags.Name": "tf_public",
                            "vpc_id": "vpc-05f2c72e2b4f84670"
                        },
                        "meta": {},
                        "tainted": false
                    },
                    "deposed": [],
                    "provider": "provider.aws"
                },
                "aws_vpc.tf_vpc": {
                    "type": "aws_vpc",
                    "depends_on": [],
                    "primary": {
                        "id": "vpc-05f2c72e2b4f84670",
                        "attributes": {
                            "arn": "arn:aws:ec2:us-west-2:203215858160:vpc/vpc-05f2c72e2b4f84670",
                            "assign_generated_ipv6_cidr_block": "false",
                            "cidr_block": "10.123.0.0/16",
                            "default_network_acl_id": "acl-0adc5e98194761d96",
                            "default_route_table_id": "rtb-0e6011578618142d1",
                            "default_security_group_id": "sg-0afe7fdf929b73bf1",
                            "dhcp_options_id": "dopt-91f722e9",
                            "enable_classiclink": "false",
                            "enable_classiclink_dns_support": "false",
                            "enable_dns_hostnames": "true",
                            "enable_dns_support": "true",
                            "id": "vpc-05f2c72e2b4f84670",
                            "instance_tenancy": "default",
                            "ipv6_association_id": "",
                            "ipv6_cidr_block": "",
                            "main_route_table_id": "rtb-0e6011578618142d1",
                            "owner_id": "203215858160",
                            "tags.%": "1",
                            "tags.Name": "tf_vpc"
                        },
                        "meta": {
                            "schema_version": "1"
                        },
                        "tainted": false
                    },
                    "deposed": [],
                    "provider": "provider.aws"
                },
                "data.aws_availability_zones.available": {
                    "type": "aws_availability_zones",
                    "depends_on": [],
                    "primary": {
                        "id": "2019-01-19 01:20:46.430049086 +0000 UTC",
                        "attributes": {
                            "id": "2019-01-19 01:20:46.430049086 +0000 UTC",
                            "names.#": "3",
                            "names.0": "us-west-2a",
                            "names.1": "us-west-2b",
                            "names.2": "us-west-2c",
                            "zone_ids.#": "3",
                            "zone_ids.0": "usw2-az2",
                            "zone_ids.1": "usw2-az1",
                            "zone_ids.2": "usw2-az3"
                        },
                        "meta": {},
                        "tainted": false
                    },
                    "deposed": [],
                    "provider": "provider.aws"
                }
            },
            "depends_on": []
        }
    ]
}
