{
    "version": 3,
    "terraform_version": "0.11.11",
    "serial": 16,
    "lineage": "b3beaaf3-8509-d09a-2992-d2d9cd89a291",
    "modules": [
        {
            "path": [
                "root"
            ],
            "outputs": {
                "bucketname": {
                    "sensitive": false,
                    "type": "string",
                    "value": "hs123-terraform-state-56440"
                }
            },
            "resources": {
                "aws_s3_bucket.tf_code": {
                    "type": "aws_s3_bucket",
                    "depends_on": [
                        "random_id.tf_bucket_id"
                    ],
                    "primary": {
                        "id": "hs123-terraform-state-56440",
                        "attributes": {
                            "acceleration_status": "",
                            "acl": "private",
                            "arn": "arn:aws:s3:::hs123-terraform-state-56440",
                            "bucket": "hs123-terraform-state-56440",
                            "bucket_domain_name": "hs123-terraform-state-56440.s3.amazonaws.com",
                            "bucket_regional_domain_name": "hs123-terraform-state-56440.s3.us-west-2.amazonaws.com",
                            "cors_rule.#": "0",
                            "force_destroy": "true",
                            "hosted_zone_id": "Z3BJ6K6RIION7M",
                            "id": "hs123-terraform-state-56440",
                            "lifecycle_rule.#": "0",
                            "logging.#": "0",
                            "object_lock_configuration.#": "0",
                            "region": "us-west-2",
                            "replication_configuration.#": "0",
                            "request_payer": "BucketOwner",
                            "server_side_encryption_configuration.#": "0",
                            "tags.%": "1",
                            "tags.Name": "tf_bucket",
                            "versioning.#": "1",
                            "versioning.0.enabled": "false",
                            "versioning.0.mfa_delete": "false",
                            "website.#": "0"
                        },
                        "meta": {},
                        "tainted": false
                    },
                    "deposed": [],
                    "provider": "provider.aws"
                },
                "random_id.tf_bucket_id": {
                    "type": "random_id",
                    "depends_on": [],
                    "primary": {
                        "id": "3Hg",
                        "attributes": {
                            "b64": "3Hg",
                            "b64_std": "3Hg=",
                            "b64_url": "3Hg",
                            "byte_length": "2",
                            "dec": "56440",
                            "hex": "dc78",
                            "id": "3Hg"
                        },
                        "meta": {},
                        "tainted": false
                    },
                    "deposed": [],
                    "provider": "provider.random"
                }
            },
            "depends_on": []
        }
    ]
}
